
Microsoft Visual Studio Solution File, Format Version 12.00
# Visual Studio 2013
VisualStudioVersion = 12.0.40629.0
MinimumVisualStudioVersion = 10.0.40219.1
Project("{FAE04EC0-301F-11D3-BF4B-00C04F79EFBC}") = "PuzzleBiz", "PuzzleBiz\PuzzleBiz.csproj", "{A2054A56-2C0F-418B-A0D0-C9CFAF09B4BD}"
EndProject
Project("{FAE04EC0-301F-11D3-BF4B-00C04F79EFBC}") = "PuzzlePr", "PuzzlePr\PuzzlePr.csproj", "{BED78C25-2853-4B3A-81D5-88F0BA413B4F}"
EndProject
Project("{FAE04EC0-301F-11D3-BF4B-00C04F79EFBC}") = "UnitTestPuzzle", "UnitTestProject1\UnitTestPuzzle.csproj", "{421790D8-A52C-4A39-A18B-42341A9372D8}"
EndProject
Global
	GlobalSection(SolutionConfigurationPlatforms) = preSolution
		Debug|Any CPU = Debug|Any CPU
		Release|Any CPU = Release|Any CPU
	EndGlobalSection
	GlobalSection(ProjectConfigurationPlatforms) = postSolution
		{A2054A56-2C0F-418B-A0D0-C9CFAF09B4BD}.Debug|Any CPU.ActiveCfg = Debug|Any CPU
		{A2054A56-2C0F-418B-A0D0-C9CFAF09B4BD}.Debug|Any CPU.Build.0 = Debug|Any CPU
		{A2054A56-2C0F-418B-A0D0-C9CFAF09B4BD}.Release|Any CPU.ActiveCfg = Release|Any CPU
		{A2054A56-2C0F-418B-A0D0-C9CFAF09B4BD}.Release|Any CPU.Build.0 = Release|Any CPU
		{BED78C25-2853-4B3A-81D5-88F0BA413B4F}.Debug|Any CPU.ActiveCfg = Debug|Any CPU
		{BED78C25-2853-4B3A-81D5-88F0BA413B4F}.Debug|Any CPU.Build.0 = Debug|Any CPU
		{BED78C25-2853-4B3A-81D5-88F0BA413B4F}.Release|Any CPU.ActiveCfg = Release|Any CPU
		{BED78C25-2853-4B3A-81D5-88F0BA413B4F}.Release|Any CPU.Build.0 = Release|Any CPU
		{421790D8-A52C-4A39-A18B-42341A9372D8}.Debug|Any CPU.ActiveCfg = Debug|Any CPU
		{421790D8-A52C-4A39-A18B-42341A9372D8}.Debug|Any CPU.Build.0 = Debug|Any CPU
		{421790D8-A52C-4A39-A18B-42341A9372D8}.Release|Any CPU.ActiveCfg = Release|Any CPU
		{421790D8-A52C-4A39-A18B-42341A9372D8}.Release|Any CPU.Build.0 = Release|Any CPU
	EndGlobalSection
	GlobalSection(SolutionProperties) = preSolution
		HideSolutionNode = FALSE
	EndGlobalSection
EndGlobal
